// !$*UTF8*$!
{
	archiveVersion = 1;
	classes = {
	};
	objectVersion = 46;
	objects = {

/* Begin PBXBuildFile section */
		2CF8F07F1BE1DFC4002CEB3E /* main.m in Sources */ = {isa = PBXBuildFile; fileRef = 2CF8F07E1BE1DFC4002CEB3E /* main.m */; };
		2CF8F0821BE1DFC4002CEB3E /* AppDelegate.m in Sources */ = {isa = PBXBuildFile; fileRef = 2CF8F0811BE1DFC4002CEB3E /* AppDelegate.m */; };
		2CF8F0851BE1DFC4002CEB3E /* ViewController.m in Sources */ = {isa = PBXBuildFile; fileRef = 2CF8F0841BE1DFC4002CEB3E /* ViewController.m */; };
		2CF8F0881BE1DFC4002CEB3E /* Main.storyboard in Resources */ = {isa = PBXBuildFile; fileRef = 2CF8F0861BE1DFC4002CEB3E /* Main.storyboard */; };
		2CF8F08A1BE1DFC4002CEB3E /* Images.xcassets in Resources */ = {isa = PBXBuildFile; fileRef = 2CF8F0891BE1DFC4002CEB3E /* Images.xcassets */; };
		2CF8F08D1BE1DFC4002CEB3E /* LaunchScreen.xib in Resources */ = {isa = PBXBuildFile; fileRef = 2CF8F08B1BE1DFC4002CEB3E /* LaunchScreen.xib */; };
		2CF8F0991BE1DFC4002CEB3E /* TreeNewBeeTests.m in Sources */ = {isa = PBXBuildFile; fileRef = 2CF8F0981BE1DFC4002CEB3E /* TreeNewBeeTests.m */; };
/* End PBXBuildFile section */

/* Begin PBXContainerItemProxy section */
		2CF8F0931BE1DFC4002CEB3E /* PBXContainerItemProxy */ = {
			isa = PBXContainerItemProxy;
			containerPortal = 2CF8F0711BE1DFC4002CEB3E /* Project object */;
			proxyType = 1;
			remoteGlobalIDString = 2CF8F0781BE1DFC4002CEB3E;
			remoteInfo = TreeNewBee;
		};
/* End PBXContainerItemProxy section */

/* Begin PBXFileReference section */
		2CF8F0791BE1DFC4002CEB3E /* TreeNewBee.app */ = {isa = PBXFileReference; explicitFileType = wrapper.application; includeInIndex = 0; path = TreeNewBee.app; sourceTree = BUILT_PRODUCTS_DIR; };
		2CF8F07D1BE1DFC4002CEB3E /* Info.plist */ = {isa = PBXFileReference; lastKnownFileType = text.plist.xml; path = Info.plist; sourceTree = "<group>"; };
		2CF8F07E1BE1DFC4002CEB3E /* main.m */ = {isa = PBXFileReference; lastKnownFileType = sourcecode.c.objc; path = main.m; sourceTree = "<group>"; };
		2CF8F0801BE1DFC4002CEB3E /* AppDelegate.h */ = {isa = PBXFileReference; lastKnownFileType = sourcecode.c.h; path = AppDelegate.h; sourceTree = "<group>"; };
		2CF8F0811BE1DFC4002CEB3E /* AppDelegate.m */ = {isa = PBXFileReference; lastKnownFileType = sourcecode.c.objc; path = AppDelegate.m; sourceTree = "<group>"; };
		2CF8F0831BE1DFC4002CEB3E /* ViewController.h */ = {isa = PBXFileReference; lastKnownFileType = sourcecode.c.h; path = ViewController.h; sourceTree = "<group>"; };
		2CF8F0841BE1DFC4002CEB3E /* ViewController.m */ = {isa = PBXFileReference; lastKnownFileType = sourcecode.c.objc; path = ViewController.m; sourceTree = "<group>"; };
		2CF8F0871BE1DFC4002CEB3E /* Base */ = {isa = PBXFileReference; lastKnownFileType = file.storyboard; name = Base; path = Base.lproj/Main.storyboard; sourceTree = "<group>"; };
		2CF8F0891BE1DFC4002CEB3E /* Images.xcassets */ = {isa = PBXFileReference; lastKnownFileType = folder.assetcatalog; path = Images.xcassets; sourceTree = "<group>"; };
		2CF8F08C1BE1DFC4002CEB3E /* Base */ = {isa = PBXFileReference; lastKnownFileType = file.xib; name = Base; path = Base.lproj/LaunchScreen.xib; sourceTree = "<group>"; };
		2CF8F0921BE1DFC4002CEB3E /* TreeNewBeeTests.xctest */ = {isa = PBXFileReference; explicitFileType = wrapper.cfbundle; includeInIndex = 0; path = TreeNewBeeTests.xctest; sourceTree = BUILT_PRODUCTS_DIR; };
		2CF8F0971BE1DFC4002CEB3E /* Info.plist */ = {isa = PBXFileReference; lastKnownFileType = text.plist.xml; path = Info.plist; sourceTree = "<group>"; };
		2CF8F0981BE1DFC4002CEB3E /* TreeNewBeeTests.m */ = {isa = PBXFileReference; lastKnownFileType = sourcecode.c.objc; path = TreeNewBeeTests.m; sourceTree = "<group>"; };
/* End PBXFileReference section */

/* Begin PBXFrameworksBuildPhase section */
		2CF8F0761BE1DFC4002CEB3E /* Frameworks */ = {
			isa = PBXFrameworksBuildPhase;
			buildActionMask = 2147483647;
			files = (
			);
			runOnlyForDeploymentPostprocessing = 0;
		};
		2CF8F08F1BE1DFC4002CEB3E /* Frameworks */ = {
			isa = PBXFrameworksBuildPhase;
			buildActionMask = 2147483647;
			files = (
			);
			runOnlyForDeploymentPostprocessing = 0;
		};
/* End PBXFrameworksBuildPhase section */

/* Begin PBXGroup section */
		2CF8F0701BE1DFC4002CEB3E = {
			isa = PBXGroup;
			children = (
				2CF8F07B1BE1DFC4002CEB3E /* TreeNewBee */,
				2CF8F0951BE1DFC4002CEB3E /* TreeNewBeeTests */,
				2CF8F07A1BE1DFC4002CEB3E /* Products */,
			);
			sourceTree = "<group>";
		};
		2CF8F07A1BE1DFC4002CEB3E /* Products */ = {
			isa = PBXGroup;
			children = (
				2CF8F0791BE1DFC4002CEB3E /* TreeNewBee.app */,
				2CF8F0921BE1DFC4002CEB3E /* TreeNewBeeTests.xctest */,
			);
			name = Products;
			sourceTree = "<group>";
		};
		2CF8F07B1BE1DFC4002CEB3E /* TreeNewBee */ = {
			isa = PBXGroup;
			children = (
				2CF8F0801BE1DFC4002CEB3E /* AppDelegate.h */,
				2CF8F0811BE1DFC4002CEB3E /* AppDelegate.m */,
				2CF8F0831BE1DFC4002CEB3E /* ViewController.h */,
				2CF8F0841BE1DFC4002CEB3E /* ViewController.m */,
				2CF8F0861BE1DFC4002CEB3E /* Main.storyboard */,
				2CF8F0891BE1DFC4002CEB3E /* Images.xcassets */,
				2CF8F08B1BE1DFC4002CEB3E /* LaunchScreen.xib */,
				2CF8F07C1BE1DFC4002CEB3E /* Supporting Files */,
			);
			path = TreeNewBee;
			sourceTree = "<group>";
		};
		2CF8F07C1BE1DFC4002CEB3E /* Supporting Files */ = {
			isa = PBXGroup;
			children = (
				2CF8F07D1BE1DFC4002CEB3E /* Info.plist */,
				2CF8F07E1BE1DFC4002CEB3E /* main.m */,
			);
			name = "Supporting Files";
			sourceTree = "<group>";
		};
		2CF8F0951BE1DFC4002CEB3E /* TreeNewBeeTests */ = {
			isa = PBXGroup;
			children = (
				2CF8F0981BE1DFC4002CEB3E /* TreeNewBeeTests.m */,
				2CF8F0961BE1DFC4002CEB3E /* Supporting Files */,
			);
			path = TreeNewBeeTests;
			sourceTree = "<group>";
		};
		2CF8F0961BE1DFC4002CEB3E /* Supporting Files */ = {
			isa = PBXGroup;
			children = (
				2CF8F0971BE1DFC4002CEB3E /* Info.plist */,
			);
			name = "Supporting Files";
			sourceTree = "<group>";
		};
/* End PBXGroup section */

/* Begin PBXNativeTarget section */
		2CF8F0781BE1DFC4002CEB3E /* TreeNewBee */ = {
			isa = PBXNativeTarget;
			buildConfigurationList = 2CF8F09C1BE1DFC4002CEB3E /* Build configuration list for PBXNativeTarget "TreeNewBee" */;
			buildPhases = (
				2CF8F0751BE1DFC4002CEB3E /* Sources */,
				2CF8F0761BE1DFC4002CEB3E /* Frameworks */,
				2CF8F0771BE1DFC4002CEB3E /* Resources */,
			);
			buildRules = (
			);
			dependencies = (
			);
			name = TreeNewBee;
			productName = TreeNewBee;
			productReference = 2CF8F0791BE1DFC4002CEB3E /* TreeNewBee.app */;
			productType = "com.apple.product-type.application";
		};
		2CF8F0911BE1DFC4002CEB3E /* TreeNewBeeTests */ = {
			isa = PBXNativeTarget;
			buildConfigurationList = 2CF8F09F1BE1DFC4002CEB3E /* Build configuration list for PBXNativeTarget "TreeNewBeeTests" */;
			buildPhases = (
				2CF8F08E1BE1DFC4002CEB3E /* Sources */,
				2CF8F08F1BE1DFC4002CEB3E /* Frameworks */,
				2CF8F0901BE1DFC4002CEB3E /* Resources */,
			);
			buildRules = (
			);
			dependencies = (
				2CF8F0941BE1DFC4002CEB3E /* PBXTargetDependency */,
			);
			name = TreeNewBeeTests;
			productName = TreeNewBeeTests;
			productReference = 2CF8F0921BE1DFC4002CEB3E /* TreeNewBeeTests.xctest */;
			productType = "com.apple.product-type.bundle.unit-test";
		};
/* End PBXNativeTarget section */

/* Begin PBXProject section */
		2CF8F0711BE1DFC4002CEB3E /* Project object */ = {
			isa = PBXProject;
			attributes = {
				LastUpgradeCheck = 0640;
				ORGANIZATIONNAME = shavekevin;
				TargetAttributes = {
					2CF8F0781BE1DFC4002CEB3E = {
						CreatedOnToolsVersion = 6.4;
					};
					2CF8F0911BE1DFC4002CEB3E = {
						CreatedOnToolsVersion = 6.4;
						TestTargetID = 2CF8F0781BE1DFC4002CEB3E;
					};
				};
			};
			buildConfigurationList = 2CF8F0741BE1DFC4002CEB3E /* Build configuration list for PBXProject "TreeNewBee" */;
			compatibilityVersion = "Xcode 3.2";
			developmentRegion = English;
			hasScannedForEncodings = 0;
			knownRegions = (
				en,
				Base,
			);
			mainGroup = 2CF8F0701BE1DFC4002CEB3E;
			productRefGroup = 2CF8F07A1BE1DFC4002CEB3E /* Products */;
			projectDirPath = "";
			projectRoot = "";
			targets = (
				2CF8F0781BE1DFC4002CEB3E /* TreeNewBee */,
				2CF8F0911BE1DFC4002CEB3E /* TreeNewBeeTests */,
			);
		};
/* End PBXProject section */

/* Begin PBXResourcesBuildPhase section */
		2CF8F0771BE1DFC4002CEB3E /* Resources */ = {
			isa = PBXResourcesBuildPhase;
			buildActionMask = 2147483647;
			files = (
				2CF8F0881BE1DFC4002CEB3E /* Main.storyboard in Resources */,
				2CF8F08D1BE1DFC4002CEB3E /* LaunchScreen.xib in Resources */,
				2CF8F08A1BE1DFC4002CEB3E /* Images.xcassets in Resources */,
			);
			runOnlyForDeploymentPostprocessing = 0;
		};
		2CF8F0901BE1DFC4002CEB3E /* Resources */ = {
			isa = PBXResourcesBuildPhase;
			buildActionMask = 2147483647;
			files = (
			);
			runOnlyForDeploymentPostprocessing = 0;
		};
/* End PBXResourcesBuildPhase section */

/* Begin PBXSourcesBuildPhase section */
		2CF8F0751BE1DFC4002CEB3E /* Sources */ = {
			isa = PBXSourcesBuildPhase;
			buildActionMask = 2147483647;
			files = (
				2CF8F0851BE1DFC4002CEB3E /* ViewController.m in Sources */,
				2CF8F0821BE1DFC4002CEB3E /* AppDelegate.m in Sources */,
				2CF8F07F1BE1DFC4002CEB3E /* main.m in Sources */,
			);
			runOnlyForDeploymentPostprocessing = 0;
		};
		2CF8F08E1BE1DFC4002CEB3E /* Sources */ = {
			isa = PBXSourcesBuildPhase;
			buildActionMask = 2147483647;
			files = (
				2CF8F0991BE1DFC4002CEB3E /* TreeNewBeeTests.m in Sources */,
			);
			runOnlyForDeploymentPostprocessing = 0;
		};
/* End PBXSourcesBuildPhase section */

/* Begin PBXTargetDependency section */
		2CF8F0941BE1DFC4002CEB3E /* PBXTargetDependency */ = {
			isa = PBXTargetDependency;
			target = 2CF8F0781BE1DFC4002CEB3E /* TreeNewBee */;
			targetProxy = 2CF8F0931BE1DFC4002CEB3E /* PBXContainerItemProxy */;
		};
/* End PBXTargetDependency section */

/* Begin PBXVariantGroup section */
		2CF8F0861BE1DFC4002CEB3E /* Main.storyboard */ = {
			isa = PBXVariantGroup;
			children = (
				2CF8F0871BE1DFC4002CEB3E /* Base */,
			);
			name = Main.storyboard;
			sourceTree = "<group>";
		};
		2CF8F08B1BE1DFC4002CEB3E /* LaunchScreen.xib */ = {
			isa = PBXVariantGroup;
			children = (
				2CF8F08C1BE1DFC4002CEB3E /* Base */,
			);
			name = LaunchScreen.xib;
			sourceTree = "<group>";
		};
/* End PBXVariantGroup section */

/* Begin XCBuildConfiguration section */
		2CF8F09A1BE1DFC4002CEB3E /* Debug */ = {
			isa = XCBuildConfiguration;
			buildSettings = {
				ALWAYS_SEARCH_USER_PATHS = NO;
				CLANG_CXX_LANGUAGE_STANDARD = "gnu++0x";
				CLANG_CXX_LIBRARY = "libc++";
				CLANG_ENABLE_MODULES = YES;
				CLANG_ENABLE_OBJC_ARC = YES;
				CLANG_WARN_BOOL_CONVERSION = YES;
				CLANG_WARN_CONSTANT_CONVERSION = YES;
				CLANG_WARN_DIRECT_OBJC_ISA_USAGE = YES_ERROR;
				CLANG_WARN_EMPTY_BODY = YES;
				CLANG_WARN_ENUM_CONVERSION = YES;
				CLANG_WARN_INT_CONVERSION = YES;
				CLANG_WARN_OBJC_ROOT_CLASS = YES_ERROR;
				CLANG_WARN_UNREACHABLE_CODE = YES;
				CLANG_WARN__DUPLICATE_METHOD_MATCH = YES;
				"CODE_SIGN_IDENTITY[sdk=iphoneos*]" = "iPhone Developer";
				COPY_PHASE_STRIP = NO;
				DEBUG_INFORMATION_FORMAT = "dwarf-with-dsym";
				ENABLE_STRICT_OBJC_MSGSEND = YES;
				GCC_C_LANGUAGE_STANDARD = gnu99;
				GCC_DYNAMIC_NO_PIC = NO;
				GCC_NO_COMMON_BLOCKS = YES;
				GCC_OPTIMIZATION_LEVEL = 0;
				GCC_PREPROCESSOR_DEFINITIONS = (
					"DEBUG=1",
					"$(inherited)",
				);
				GCC_SYMBOLS_PRIVATE_EXTERN = NO;
				GCC_WARN_64_TO_32_BIT_CONVERSION = YES;
				GCC_WARN_ABOUT_RETURN_TYPE = YES_ERROR;
				GCC_WARN_UNDECLARED_SELECTOR = YES;
				GCC_WARN_UNINITIALIZED_AUTOS = YES_AGGRESSIVE;
				GCC_WARN_UNUSED_FUNCTION = YES;
				GCC_WARN_UNUSED_VARIABLE = YES;
				IPHONEOS_DEPLOYMENT_TARGET = 8.4;
				MTL_ENABLE_DEBUG_INFO = YES;
				ONLY_ACTIVE_ARCH = YES;
				SDKROOT = iphoneos;
			};
			name = Debug;
		};
		2CF8F09B1BE1DFC4002CEB3E /* Release */ = {
			isa = XCBuildConfiguration;
			buildSettings = {
				ALWAYS_SEARCH_USER_PATHS = NO;
				CLANG_CXX_LANGUAGE_STANDARD = "gnu++0x";
				CLANG_CXX_LIBRARY = "libc++";
				CLANG_ENABLE_MODULES = YES;
				CLANG_ENABLE_OBJC_ARC = YES;
				CLANG_WARN_BOOL_CONVERSION = YES;
				CLANG_WARN_CONSTANT_CONVERSION = YES;
				CLANG_WARN_DIRECT_OBJC_ISA_USAGE = YES_ERROR;
				CLANG_WARN_EMPTY_BODY = YES;
				CLANG_WARN_ENUM_CONVERSION = YES;
				CLANG_WARN_INT_CONVERSION = YES;
				CLANG_WARN_OBJC_ROOT_CLASS = YES_ERROR;
				CLANG_WARN_UNREACHABLE_CODE = YES;
				CLANG_WARN__DUPLICATE_METHOD_MATCH = YES;
				"CODE_SIGN_IDENTITY[sdk=iphoneos*]" = "iPhone Developer";
				COPY_PHASE_STRIP = NO;
				DEBUG_INFORMATION_FORMAT = "dwarf-with-dsym";
				ENABLE_NS_ASSERTIONS = NO;
				ENABLE_STRICT_OBJC_MSGSEND = YES;
				GCC_C_LANGUAGE_STANDARD = gnu99;
				GCC_NO_COMMON_BLOCKS = YES;
				GCC_WARN_64_TO_32_BIT_CONVERSION = YES;
				GCC_WARN_ABOUT_RETURN_TYPE = YES_ERROR;
				GCC_WARN_UNDECLARED_SELECTOR = YES;
				GCC_WARN_UNINITIALIZED_AUTOS = YES_AGGRESSIVE;
				GCC_WARN_UNUSED_FUNCTION = YES;
				GCC_WARN_UNUSED_VARIABLE = YES;
				IPHONEOS_DEPLOYMENT_TARGET = 8.4;
				MTL_ENABLE_DEBUG_INFO = NO;
				SDKROOT = iphoneos;
				VALIDATE_PRODUCT = YES;
			};
			name = Release;
		};
		2CF8F09D1BE1DFC4002CEB3E /* Debug */ = {
			isa = XCBuildConfiguration;
			buildSettings = {
				ASSETCATALOG_COMPILER_APPICON_NAME = AppIcon;
				INFOPLIST_FILE = TreeNewBee/Info.plist;
				LD_RUNPATH_SEARCH_PATHS = "$(inherited) @executable_path/Frameworks";
				PRODUCT_NAME = "$(TARGET_NAME)";
			};
			name = Debug;
		};
		2CF8F09E1BE1DFC4002CEB3E /* Release */ = {
			isa = XCBuildConfiguration;
			buildSettings = {
				ASSETCATALOG_COMPILER_APPICON_NAME = AppIcon;
				INFOPLIST_FILE = TreeNewBee/Info.plist;
				LD_RUNPATH_SEARCH_PATHS = "$(inherited) @executable_path/Frameworks";
				PRODUCT_NAME = "$(TARGET_NAME)";
			};
			name = Release;
		};
		2CF8F0A01BE1DFC4002CEB3E /* Debug */ = {
			isa = XCBuildConfiguration;
			buildSettings = {
				BUNDLE_LOADER = "$(TEST_HOST)";
				FRAMEWORK_SEARCH_PATHS = (
					"$(SDKROOT)/Developer/Library/Frameworks",
					"$(inherited)",
				);
				GCC_PREPROCESSOR_DEFINITIONS = (
					"DEBUG=1",
					"$(inherited)",
				);
				INFOPLIST_FILE = TreeNewBeeTests/Info.plist;
				LD_RUNPATH_SEARCH_PATHS = "$(inherited) @executable_path/Frameworks @loader_path/Frameworks";
				PRODUCT_NAME = "$(TARGET_NAME)";
				TEST_HOST = "$(BUILT_PRODUCTS_DIR)/TreeNewBee.app/TreeNewBee";
			};
			name = Debug;
		};
		2CF8F0A11BE1DFC4002CEB3E /* Release */ = {
			isa = XCBuildConfiguration;
			buildSettings = {
				BUNDLE_LOADER = "$(TEST_HOST)";
				FRAMEWORK_SEARCH_PATHS = (
					"$(SDKROOT)/Developer/Library/Frameworks",
					"$(inherited)",
				);
				INFOPLIST_FILE = TreeNewBeeTests/Info.plist;
				LD_RUNPATH_SEARCH_PATHS = "$(inherited) @executable_path/Frameworks @loader_path/Frameworks";
				PRODUCT_NAME = "$(TARGET_NAME)";
				TEST_HOST = "$(BUILT_PRODUCTS_DIR)/TreeNewBee.app/TreeNewBee";
			};
			name = Release;
		};
/* End XCBuildConfiguration section */

/* Begin XCConfigurationList section */
		2CF8F0741BE1DFC4002CEB3E /* Build configuration list for PBXProject "TreeNewBee" */ = {
			isa = XCConfigurationList;
			buildConfigurations = (
				2CF8F09A1BE1DFC4002CEB3E /* Debug */,
				2CF8F09B1BE1DFC4002CEB3E /* Release */,
			);
			defaultConfigurationIsVisible = 0;
			defaultConfigurationName = Release;
		};
		2CF8F09C1BE1DFC4002CEB3E /* Build configuration list for PBXNativeTarget "TreeNewBee" */ = {
			isa = XCConfigurationList;
			buildConfigurations = (
				2CF8F09D1BE1DFC4002CEB3E /* Debug */,
				2CF8F09E1BE1DFC4002CEB3E /* Release */,
			);
			defaultConfigurationIsVisible = 0;
		};
		2CF8F09F1BE1DFC4002CEB3E /* Build configuration list for PBXNativeTarget "TreeNewBeeTests" */ = {
			isa = XCConfigurationList;
			buildConfigurations = (
				2CF8F0A01BE1DFC4002CEB3E /* Debug */,
				2CF8F0A11BE1DFC4002CEB3E /* Release */,
			);
			defaultConfigurationIsVisible = 0;
		};
/* End XCConfigurationList section */
	};
	rootObject = 2CF8F0711BE1DFC4002CEB3E /* Project object */;
}
