// !$*UTF8*$!
{
	archiveVersion = 1;
	classes = {
	};
	objectVersion = 46;
	objects = {

/* Begin PBXBuildFile section */
		2CCE7F771C47458E00D1CF3C /* main.m in Sources */ = {isa = PBXBuildFile; fileRef = 2CCE7F761C47458E00D1CF3C /* main.m */; };
		2CCE7F7A1C47458E00D1CF3C /* AppDelegate.m in Sources */ = {isa = PBXBuildFile; fileRef = 2CCE7F791C47458E00D1CF3C /* AppDelegate.m */; };
		2CCE7F7D1C47458E00D1CF3C /* ViewController.m in Sources */ = {isa = PBXBuildFile; fileRef = 2CCE7F7C1C47458E00D1CF3C /* ViewController.m */; };
		2CCE7F801C47458E00D1CF3C /* Main.storyboard in Resources */ = {isa = PBXBuildFile; fileRef = 2CCE7F7E1C47458E00D1CF3C /* Main.storyboard */; };
		2CCE7F821C47458E00D1CF3C /* Assets.xcassets in Resources */ = {isa = PBXBuildFile; fileRef = 2CCE7F811C47458E00D1CF3C /* Assets.xcassets */; };
		2CCE7F851C47458E00D1CF3C /* LaunchScreen.storyboard in Resources */ = {isa = PBXBuildFile; fileRef = 2CCE7F831C47458E00D1CF3C /* LaunchScreen.storyboard */; };
/* End PBXBuildFile section */

/* Begin PBXContainerItemProxy section */
		2CCE7F8C1C47458E00D1CF3C /* PBXContainerItemProxy */ = {
			isa = PBXContainerItemProxy;
			containerPortal = 2CCE7F6A1C47458E00D1CF3C /* Project object */;
			proxyType = 1;
			remoteGlobalIDString = 2CCE7F711C47458E00D1CF3C;
			remoteInfo = URLScheme;
		};
		2CCE7F971C47458E00D1CF3C /* PBXContainerItemProxy */ = {
			isa = PBXContainerItemProxy;
			containerPortal = 2CCE7F6A1C47458E00D1CF3C /* Project object */;
			proxyType = 1;
			remoteGlobalIDString = 2CCE7F711C47458E00D1CF3C;
			remoteInfo = URLScheme;
		};
/* End PBXContainerItemProxy section */

/* Begin PBXFileReference section */
		2CCE7F721C47458E00D1CF3C /* URLScheme.app */ = {isa = PBXFileReference; explicitFileType = wrapper.application; includeInIndex = 0; path = URLScheme.app; sourceTree = BUILT_PRODUCTS_DIR; };
		2CCE7F761C47458E00D1CF3C /* main.m */ = {isa = PBXFileReference; lastKnownFileType = sourcecode.c.objc; path = main.m; sourceTree = "<group>"; };
		2CCE7F781C47458E00D1CF3C /* AppDelegate.h */ = {isa = PBXFileReference; lastKnownFileType = sourcecode.c.h; path = AppDelegate.h; sourceTree = "<group>"; };
		2CCE7F791C47458E00D1CF3C /* AppDelegate.m */ = {isa = PBXFileReference; lastKnownFileType = sourcecode.c.objc; path = AppDelegate.m; sourceTree = "<group>"; };
		2CCE7F7B1C47458E00D1CF3C /* ViewController.h */ = {isa = PBXFileReference; lastKnownFileType = sourcecode.c.h; path = ViewController.h; sourceTree = "<group>"; };
		2CCE7F7C1C47458E00D1CF3C /* ViewController.m */ = {isa = PBXFileReference; lastKnownFileType = sourcecode.c.objc; path = ViewController.m; sourceTree = "<group>"; };
		2CCE7F7F1C47458E00D1CF3C /* Base */ = {isa = PBXFileReference; lastKnownFileType = file.storyboard; name = Base; path = Base.lproj/Main.storyboard; sourceTree = "<group>"; };
		2CCE7F811C47458E00D1CF3C /* Assets.xcassets */ = {isa = PBXFileReference; lastKnownFileType = folder.assetcatalog; path = Assets.xcassets; sourceTree = "<group>"; };
		2CCE7F841C47458E00D1CF3C /* Base */ = {isa = PBXFileReference; lastKnownFileType = file.storyboard; name = Base; path = Base.lproj/LaunchScreen.storyboard; sourceTree = "<group>"; };
		2CCE7F861C47458E00D1CF3C /* Info.plist */ = {isa = PBXFileReference; lastKnownFileType = text.plist.xml; path = Info.plist; sourceTree = "<group>"; };
		2CCE7F8B1C47458E00D1CF3C /* URLSchemeTests.xctest */ = {isa = PBXFileReference; explicitFileType = wrapper.cfbundle; includeInIndex = 0; path = URLSchemeTests.xctest; sourceTree = BUILT_PRODUCTS_DIR; };
		2CCE7F961C47458E00D1CF3C /* URLSchemeUITests.xctest */ = {isa = PBXFileReference; explicitFileType = wrapper.cfbundle; includeInIndex = 0; path = URLSchemeUITests.xctest; sourceTree = BUILT_PRODUCTS_DIR; };
/* End PBXFileReference section */

/* Begin PBXFrameworksBuildPhase section */
		2CCE7F6F1C47458E00D1CF3C /* Frameworks */ = {
			isa = PBXFrameworksBuildPhase;
			buildActionMask = 2147483647;
			files = (
			);
			runOnlyForDeploymentPostprocessing = 0;
		};
		2CCE7F881C47458E00D1CF3C /* Frameworks */ = {
			isa = PBXFrameworksBuildPhase;
			buildActionMask = 2147483647;
			files = (
			);
			runOnlyForDeploymentPostprocessing = 0;
		};
		2CCE7F931C47458E00D1CF3C /* Frameworks */ = {
			isa = PBXFrameworksBuildPhase;
			buildActionMask = 2147483647;
			files = (
			);
			runOnlyForDeploymentPostprocessing = 0;
		};
/* End PBXFrameworksBuildPhase section */

/* Begin PBXGroup section */
		2CCE7F691C47458E00D1CF3C = {
			isa = PBXGroup;
			children = (
				2CCE7F741C47458E00D1CF3C /* URLScheme */,
				2CCE7F731C47458E00D1CF3C /* Products */,
			);
			sourceTree = "<group>";
		};
		2CCE7F731C47458E00D1CF3C /* Products */ = {
			isa = PBXGroup;
			children = (
				2CCE7F721C47458E00D1CF3C /* URLScheme.app */,
				2CCE7F8B1C47458E00D1CF3C /* URLSchemeTests.xctest */,
				2CCE7F961C47458E00D1CF3C /* URLSchemeUITests.xctest */,
			);
			name = Products;
			sourceTree = "<group>";
		};
		2CCE7F741C47458E00D1CF3C /* URLScheme */ = {
			isa = PBXGroup;
			children = (
				2CCE7F781C47458E00D1CF3C /* AppDelegate.h */,
				2CCE7F791C47458E00D1CF3C /* AppDelegate.m */,
				2CCE7F7B1C47458E00D1CF3C /* ViewController.h */,
				2CCE7F7C1C47458E00D1CF3C /* ViewController.m */,
				2CCE7F7E1C47458E00D1CF3C /* Main.storyboard */,
				2CCE7F811C47458E00D1CF3C /* Assets.xcassets */,
				2CCE7F831C47458E00D1CF3C /* LaunchScreen.storyboard */,
				2CCE7F861C47458E00D1CF3C /* Info.plist */,
				2CCE7F751C47458E00D1CF3C /* Supporting Files */,
			);
			path = URLScheme;
			sourceTree = "<group>";
		};
		2CCE7F751C47458E00D1CF3C /* Supporting Files */ = {
			isa = PBXGroup;
			children = (
				2CCE7F761C47458E00D1CF3C /* main.m */,
			);
			name = "Supporting Files";
			sourceTree = "<group>";
		};
/* End PBXGroup section */

/* Begin PBXNativeTarget section */
		2CCE7F711C47458E00D1CF3C /* URLScheme */ = {
			isa = PBXNativeTarget;
			buildConfigurationList = 2CCE7F9F1C47458E00D1CF3C /* Build configuration list for PBXNativeTarget "URLScheme" */;
			buildPhases = (
				2CCE7F6E1C47458E00D1CF3C /* Sources */,
				2CCE7F6F1C47458E00D1CF3C /* Frameworks */,
				2CCE7F701C47458E00D1CF3C /* Resources */,
			);
			buildRules = (
			);
			dependencies = (
			);
			name = URLScheme;
			productName = URLScheme;
			productReference = 2CCE7F721C47458E00D1CF3C /* URLScheme.app */;
			productType = "com.apple.product-type.application";
		};
		2CCE7F8A1C47458E00D1CF3C /* URLSchemeTests */ = {
			isa = PBXNativeTarget;
			buildConfigurationList = 2CCE7FA21C47458E00D1CF3C /* Build configuration list for PBXNativeTarget "URLSchemeTests" */;
			buildPhases = (
				2CCE7F871C47458E00D1CF3C /* Sources */,
				2CCE7F881C47458E00D1CF3C /* Frameworks */,
				2CCE7F891C47458E00D1CF3C /* Resources */,
			);
			buildRules = (
			);
			dependencies = (
				2CCE7F8D1C47458E00D1CF3C /* PBXTargetDependency */,
			);
			name = URLSchemeTests;
			productName = URLSchemeTests;
			productReference = 2CCE7F8B1C47458E00D1CF3C /* URLSchemeTests.xctest */;
			productType = "com.apple.product-type.bundle.unit-test";
		};
		2CCE7F951C47458E00D1CF3C /* URLSchemeUITests */ = {
			isa = PBXNativeTarget;
			buildConfigurationList = 2CCE7FA51C47458E00D1CF3C /* Build configuration list for PBXNativeTarget "URLSchemeUITests" */;
			buildPhases = (
				2CCE7F921C47458E00D1CF3C /* Sources */,
				2CCE7F931C47458E00D1CF3C /* Frameworks */,
				2CCE7F941C47458E00D1CF3C /* Resources */,
			);
			buildRules = (
			);
			dependencies = (
				2CCE7F981C47458E00D1CF3C /* PBXTargetDependency */,
			);
			name = URLSchemeUITests;
			productName = URLSchemeUITests;
			productReference = 2CCE7F961C47458E00D1CF3C /* URLSchemeUITests.xctest */;
			productType = "com.apple.product-type.bundle.ui-testing";
		};
/* End PBXNativeTarget section */

/* Begin PBXProject section */
		2CCE7F6A1C47458E00D1CF3C /* Project object */ = {
			isa = PBXProject;
			attributes = {
				LastUpgradeCheck = 0720;
				ORGANIZATIONNAME = shavekevin;
				TargetAttributes = {
					2CCE7F711C47458E00D1CF3C = {
						CreatedOnToolsVersion = 7.2;
					};
					2CCE7F8A1C47458E00D1CF3C = {
						CreatedOnToolsVersion = 7.2;
						TestTargetID = 2CCE7F711C47458E00D1CF3C;
					};
					2CCE7F951C47458E00D1CF3C = {
						CreatedOnToolsVersion = 7.2;
						TestTargetID = 2CCE7F711C47458E00D1CF3C;
					};
				};
			};
			buildConfigurationList = 2CCE7F6D1C47458E00D1CF3C /* Build configuration list for PBXProject "URLScheme" */;
			compatibilityVersion = "Xcode 3.2";
			developmentRegion = English;
			hasScannedForEncodings = 0;
			knownRegions = (
				en,
				Base,
			);
			mainGroup = 2CCE7F691C47458E00D1CF3C;
			productRefGroup = 2CCE7F731C47458E00D1CF3C /* Products */;
			projectDirPath = "";
			projectRoot = "";
			targets = (
				2CCE7F711C47458E00D1CF3C /* URLScheme */,
				2CCE7F8A1C47458E00D1CF3C /* URLSchemeTests */,
				2CCE7F951C47458E00D1CF3C /* URLSchemeUITests */,
			);
		};
/* End PBXProject section */

/* Begin PBXResourcesBuildPhase section */
		2CCE7F701C47458E00D1CF3C /* Resources */ = {
			isa = PBXResourcesBuildPhase;
			buildActionMask = 2147483647;
			files = (
				2CCE7F851C47458E00D1CF3C /* LaunchScreen.storyboard in Resources */,
				2CCE7F821C47458E00D1CF3C /* Assets.xcassets in Resources */,
				2CCE7F801C47458E00D1CF3C /* Main.storyboard in Resources */,
			);
			runOnlyForDeploymentPostprocessing = 0;
		};
		2CCE7F891C47458E00D1CF3C /* Resources */ = {
			isa = PBXResourcesBuildPhase;
			buildActionMask = 2147483647;
			files = (
			);
			runOnlyForDeploymentPostprocessing = 0;
		};
		2CCE7F941C47458E00D1CF3C /* Resources */ = {
			isa = PBXResourcesBuildPhase;
			buildActionMask = 2147483647;
			files = (
			);
			runOnlyForDeploymentPostprocessing = 0;
		};
/* End PBXResourcesBuildPhase section */

/* Begin PBXSourcesBuildPhase section */
		2CCE7F6E1C47458E00D1CF3C /* Sources */ = {
			isa = PBXSourcesBuildPhase;
			buildActionMask = 2147483647;
			files = (
				2CCE7F7D1C47458E00D1CF3C /* ViewController.m in Sources */,
				2CCE7F7A1C47458E00D1CF3C /* AppDelegate.m in Sources */,
				2CCE7F771C47458E00D1CF3C /* main.m in Sources */,
			);
			runOnlyForDeploymentPostprocessing = 0;
		};
		2CCE7F871C47458E00D1CF3C /* Sources */ = {
			isa = PBXSourcesBuildPhase;
			buildActionMask = 2147483647;
			files = (
			);
			runOnlyForDeploymentPostprocessing = 0;
		};
		2CCE7F921C47458E00D1CF3C /* Sources */ = {
			isa = PBXSourcesBuildPhase;
			buildActionMask = 2147483647;
			files = (
			);
			runOnlyForDeploymentPostprocessing = 0;
		};
/* End PBXSourcesBuildPhase section */

/* Begin PBXTargetDependency section */
		2CCE7F8D1C47458E00D1CF3C /* PBXTargetDependency */ = {
			isa = PBXTargetDependency;
			target = 2CCE7F711C47458E00D1CF3C /* URLScheme */;
			targetProxy = 2CCE7F8C1C47458E00D1CF3C /* PBXContainerItemProxy */;
		};
		2CCE7F981C47458E00D1CF3C /* PBXTargetDependency */ = {
			isa = PBXTargetDependency;
			target = 2CCE7F711C47458E00D1CF3C /* URLScheme */;
			targetProxy = 2CCE7F971C47458E00D1CF3C /* PBXContainerItemProxy */;
		};
/* End PBXTargetDependency section */

/* Begin PBXVariantGroup section */
		2CCE7F7E1C47458E00D1CF3C /* Main.storyboard */ = {
			isa = PBXVariantGroup;
			children = (
				2CCE7F7F1C47458E00D1CF3C /* Base */,
			);
			name = Main.storyboard;
			sourceTree = "<group>";
		};
		2CCE7F831C47458E00D1CF3C /* LaunchScreen.storyboard */ = {
			isa = PBXVariantGroup;
			children = (
				2CCE7F841C47458E00D1CF3C /* Base */,
			);
			name = LaunchScreen.storyboard;
			sourceTree = "<group>";
		};
/* End PBXVariantGroup section */

/* Begin XCBuildConfiguration section */
		2CCE7F9D1C47458E00D1CF3C /* Debug */ = {
			isa = XCBuildConfiguration;
			buildSettings = {
				ALWAYS_SEARCH_USER_PATHS = NO;
				CLANG_CXX_LANGUAGE_STANDARD = "gnu++0x";
				CLANG_CXX_LIBRARY = "libc++";
				CLANG_ENABLE_MODULES = YES;
				CLANG_ENABLE_OBJC_ARC = YES;
				CLANG_WARN_BOOL_CONVERSION = YES;
				CLANG_WARN_CONSTANT_CONVERSION = YES;
				CLANG_WARN_DIRECT_OBJC_ISA_USAGE = YES_ERROR;
				CLANG_WARN_EMPTY_BODY = YES;
				CLANG_WARN_ENUM_CONVERSION = YES;
				CLANG_WARN_INT_CONVERSION = YES;
				CLANG_WARN_OBJC_ROOT_CLASS = YES_ERROR;
				CLANG_WARN_UNREACHABLE_CODE = YES;
				CLANG_WARN__DUPLICATE_METHOD_MATCH = YES;
				"CODE_SIGN_IDENTITY[sdk=iphoneos*]" = "iPhone Developer";
				COPY_PHASE_STRIP = NO;
				DEBUG_INFORMATION_FORMAT = dwarf;
				ENABLE_STRICT_OBJC_MSGSEND = YES;
				ENABLE_TESTABILITY = YES;
				GCC_C_LANGUAGE_STANDARD = gnu99;
				GCC_DYNAMIC_NO_PIC = NO;
				GCC_NO_COMMON_BLOCKS = YES;
				GCC_OPTIMIZATION_LEVEL = 0;
				GCC_PREPROCESSOR_DEFINITIONS = (
					"DEBUG=1",
					"$(inherited)",
				);
				GCC_WARN_64_TO_32_BIT_CONVERSION = YES;
				GCC_WARN_ABOUT_RETURN_TYPE = YES_ERROR;
				GCC_WARN_UNDECLARED_SELECTOR = YES;
				GCC_WARN_UNINITIALIZED_AUTOS = YES_AGGRESSIVE;
				GCC_WARN_UNUSED_FUNCTION = YES;
				GCC_WARN_UNUSED_VARIABLE = YES;
				IPHONEOS_DEPLOYMENT_TARGET = 9.2;
				MTL_ENABLE_DEBUG_INFO = YES;
				ONLY_ACTIVE_ARCH = YES;
				SDKROOT = iphoneos;
			};
			name = Debug;
		};
		2CCE7F9E1C47458E00D1CF3C /* Release */ = {
			isa = XCBuildConfiguration;
			buildSettings = {
				ALWAYS_SEARCH_USER_PATHS = NO;
				CLANG_CXX_LANGUAGE_STANDARD = "gnu++0x";
				CLANG_CXX_LIBRARY = "libc++";
				CLANG_ENABLE_MODULES = YES;
				CLANG_ENABLE_OBJC_ARC = YES;
				CLANG_WARN_BOOL_CONVERSION = YES;
				CLANG_WARN_CONSTANT_CONVERSION = YES;
				CLANG_WARN_DIRECT_OBJC_ISA_USAGE = YES_ERROR;
				CLANG_WARN_EMPTY_BODY = YES;
				CLANG_WARN_ENUM_CONVERSION = YES;
				CLANG_WARN_INT_CONVERSION = YES;
				CLANG_WARN_OBJC_ROOT_CLASS = YES_ERROR;
				CLANG_WARN_UNREACHABLE_CODE = YES;
				CLANG_WARN__DUPLICATE_METHOD_MATCH = YES;
				"CODE_SIGN_IDENTITY[sdk=iphoneos*]" = "iPhone Developer";
				COPY_PHASE_STRIP = NO;
				DEBUG_INFORMATION_FORMAT = "dwarf-with-dsym";
				ENABLE_NS_ASSERTIONS = NO;
				ENABLE_STRICT_OBJC_MSGSEND = YES;
				GCC_C_LANGUAGE_STANDARD = gnu99;
				GCC_NO_COMMON_BLOCKS = YES;
				GCC_WARN_64_TO_32_BIT_CONVERSION = YES;
				GCC_WARN_ABOUT_RETURN_TYPE = YES_ERROR;
				GCC_WARN_UNDECLARED_SELECTOR = YES;
				GCC_WARN_UNINITIALIZED_AUTOS = YES_AGGRESSIVE;
				GCC_WARN_UNUSED_FUNCTION = YES;
				GCC_WARN_UNUSED_VARIABLE = YES;
				IPHONEOS_DEPLOYMENT_TARGET = 9.2;
				MTL_ENABLE_DEBUG_INFO = NO;
				SDKROOT = iphoneos;
				VALIDATE_PRODUCT = YES;
			};
			name = Release;
		};
		2CCE7FA01C47458E00D1CF3C /* Debug */ = {
			isa = XCBuildConfiguration;
			buildSettings = {
				ASSETCATALOG_COMPILER_APPICON_NAME = AppIcon;
				INFOPLIST_FILE = URLScheme/Info.plist;
				LD_RUNPATH_SEARCH_PATHS = "$(inherited) @executable_path/Frameworks";
				PRODUCT_BUNDLE_IDENTIFIER = com.shavekevin;
				PRODUCT_NAME = "$(TARGET_NAME)";
			};
			name = Debug;
		};
		2CCE7FA11C47458E00D1CF3C /* Release */ = {
			isa = XCBuildConfiguration;
			buildSettings = {
				ASSETCATALOG_COMPILER_APPICON_NAME = AppIcon;
				INFOPLIST_FILE = URLScheme/Info.plist;
				LD_RUNPATH_SEARCH_PATHS = "$(inherited) @executable_path/Frameworks";
				PRODUCT_BUNDLE_IDENTIFIER = com.shavekevin;
				PRODUCT_NAME = "$(TARGET_NAME)";
			};
			name = Release;
		};
		2CCE7FA31C47458E00D1CF3C /* Debug */ = {
			isa = XCBuildConfiguration;
			buildSettings = {
				BUNDLE_LOADER = "$(TEST_HOST)";
				INFOPLIST_FILE = URLSchemeTests/Info.plist;
				LD_RUNPATH_SEARCH_PATHS = "$(inherited) @executable_path/Frameworks @loader_path/Frameworks";
				PRODUCT_BUNDLE_IDENTIFIER = com.shavekevin.URLSchemeTests;
				PRODUCT_NAME = "$(TARGET_NAME)";
				TEST_HOST = "$(BUILT_PRODUCTS_DIR)/URLScheme.app/URLScheme";
			};
			name = Debug;
		};
		2CCE7FA41C47458E00D1CF3C /* Release */ = {
			isa = XCBuildConfiguration;
			buildSettings = {
				BUNDLE_LOADER = "$(TEST_HOST)";
				INFOPLIST_FILE = URLSchemeTests/Info.plist;
				LD_RUNPATH_SEARCH_PATHS = "$(inherited) @executable_path/Frameworks @loader_path/Frameworks";
				PRODUCT_BUNDLE_IDENTIFIER = com.shavekevin.URLSchemeTests;
				PRODUCT_NAME = "$(TARGET_NAME)";
				TEST_HOST = "$(BUILT_PRODUCTS_DIR)/URLScheme.app/URLScheme";
			};
			name = Release;
		};
		2CCE7FA61C47458E00D1CF3C /* Debug */ = {
			isa = XCBuildConfiguration;
			buildSettings = {
				INFOPLIST_FILE = URLSchemeUITests/Info.plist;
				LD_RUNPATH_SEARCH_PATHS = "$(inherited) @executable_path/Frameworks @loader_path/Frameworks";
				PRODUCT_BUNDLE_IDENTIFIER = com.shavekevin.URLSchemeUITests;
				PRODUCT_NAME = "$(TARGET_NAME)";
				TEST_TARGET_NAME = URLScheme;
				USES_XCTRUNNER = YES;
			};
			name = Debug;
		};
		2CCE7FA71C47458E00D1CF3C /* Release */ = {
			isa = XCBuildConfiguration;
			buildSettings = {
				INFOPLIST_FILE = URLSchemeUITests/Info.plist;
				LD_RUNPATH_SEARCH_PATHS = "$(inherited) @executable_path/Frameworks @loader_path/Frameworks";
				PRODUCT_BUNDLE_IDENTIFIER = com.shavekevin.URLSchemeUITests;
				PRODUCT_NAME = "$(TARGET_NAME)";
				TEST_TARGET_NAME = URLScheme;
				USES_XCTRUNNER = YES;
			};
			name = Release;
		};
/* End XCBuildConfiguration section */

/* Begin XCConfigurationList section */
		2CCE7F6D1C47458E00D1CF3C /* Build configuration list for PBXProject "URLScheme" */ = {
			isa = XCConfigurationList;
			buildConfigurations = (
				2CCE7F9D1C47458E00D1CF3C /* Debug */,
				2CCE7F9E1C47458E00D1CF3C /* Release */,
			);
			defaultConfigurationIsVisible = 0;
			defaultConfigurationName = Release;
		};
		2CCE7F9F1C47458E00D1CF3C /* Build configuration list for PBXNativeTarget "URLScheme" */ = {
			isa = XCConfigurationList;
			buildConfigurations = (
				2CCE7FA01C47458E00D1CF3C /* Debug */,
				2CCE7FA11C47458E00D1CF3C /* Release */,
			);
			defaultConfigurationIsVisible = 0;
			defaultConfigurationName = Release;
		};
		2CCE7FA21C47458E00D1CF3C /* Build configuration list for PBXNativeTarget "URLSchemeTests" */ = {
			isa = XCConfigurationList;
			buildConfigurations = (
				2CCE7FA31C47458E00D1CF3C /* Debug */,
				2CCE7FA41C47458E00D1CF3C /* Release */,
			);
			defaultConfigurationIsVisible = 0;
			defaultConfigurationName = Release;
		};
		2CCE7FA51C47458E00D1CF3C /* Build configuration list for PBXNativeTarget "URLSchemeUITests" */ = {
			isa = XCConfigurationList;
			buildConfigurations = (
				2CCE7FA61C47458E00D1CF3C /* Debug */,
				2CCE7FA71C47458E00D1CF3C /* Release */,
			);
			defaultConfigurationIsVisible = 0;
			defaultConfigurationName = Release;
		};
/* End XCConfigurationList section */
	};
	rootObject = 2CCE7F6A1C47458E00D1CF3C /* Project object */;
}
